{
	"name": "react-router-app",
	"lockfileVersion": 3,
	"requires": true,
	"packages": {
		"": {
			"name": "react-router-app",
			"dependencies": {
				"@react-router/node": "^7.1.0",
				"isbot": "^5"
			}
		},
		"../../node_modules/.pnpm/@react-router+node@7.1.0_react-router@7.1.0_react-dom@19.0.0_react@19.0.0__react@19.0.0__typescript@5.7.2/node_modules/@react-router/node": {
			"version": "7.1.0",
			"license": "MIT",
			"dependencies": {
				"@mjackson/node-fetch-server": "^0.2.0",
				"source-map-support": "^0.5.21",
				"stream-slice": "^0.1.2",
				"undici": "^6.19.2"
			},
			"devDependencies": {
				"@types/source-map-support": "^0.5.4",
				"react-router": "7.1.0",
				"tsup": "^8.3.0",
				"typescript": "^5.1.6",
				"wireit": "0.14.9"
			},
			"engines": {
				"node": ">=20.0.0"
			},
			"peerDependencies": {
				"react-router": "7.1.0",
				"typescript": "^5.1.0"
			},
			"peerDependenciesMeta": {
				"typescript": {
					"optional": true
				}
			}
		},
		"node_modules/@react-router/node": {
			"resolved": "../../node_modules/.pnpm/@react-router+node@7.1.0_react-router@7.1.0_react-dom@19.0.0_react@19.0.0__react@19.0.0__typescript@5.7.2/node_modules/@react-router/node",
			"link": true
		},
		"node_modules/isbot": {
			"version": "5.1.18",
			"resolved": "https://registry.npmjs.org/isbot/-/isbot-5.1.18.tgz",
			"integrity": "sha512-df9RdChv1DheItzN5pNKtblc9/otzJYmxjf9GhCZG/f0TCcGCbQFmtM3e+SD0e8EI3/O2tIXPYVaG4FUaIIa6Q==",
			"engines": {
				"node": ">=18"
			}
		}
	}
}
